<?xml version="1.0" encoding="utf-8"?>
<Project ToolsVersion="4.0" xmlns="http://schemas.microsoft.com/developer/msbuild/2003">
  <ItemGroup>
    <Filter Include="ソース ファイル">
      <UniqueIdentifier>{4FC737F1-C7A5-4376-A066-2A32D752A2FF}</UniqueIdentifier>
      <Extensions>cpp;c;cc;cxx;def;odl;idl;hpj;bat;asm;asmx</Extensions>
    </Filter>
    <Filter Include="ヘッダー ファイル">
      <UniqueIdentifier>{93995380-89BD-4b04-88EB-625FBE52EBFB}</UniqueIdentifier>
      <Extensions>h;hh;hpp;hxx;hm;inl;inc;xsd</Extensions>
    </Filter>
    <Filter Include="リソース ファイル">
      <UniqueIdentifier>{67DA6AB6-F800-4c08-8B7A-83BB121AAD01}</UniqueIdentifier>
      <Extensions>rc;ico;cur;bmp;dlg;rc2;rct;bin;rgs;gif;jpg;jpeg;jpe;resx;tiff;tif;png;wav;mfcribbon-ms</Extensions>
    </Filter>
  </ItemGroup>
  <ItemGroup>
    <ClCompile Include="Grids\HJI_Grid.cpp">
      <Filter>ソース ファイル</Filter>
    </ClCompile>
    <ClCompile Include="InitialConditions\BasicShapes\ShapeRectangleByCenter.cpp">
      <Filter>ソース ファイル</Filter>
    </ClCompile>
    <ClCompile Include="InitialConditions\BasicShapes\ShapeRectangleByCorner.cpp">
      <Filter>ソース ファイル</Filter>
    </ClCompile>
    <ClCompile Include="ExplicitIntegration\Terms\TermRestrictUpdate.cpp">
      <Filter>ソース ファイル</Filter>
    </ClCompile>
    <ClCompile Include="ExplicitIntegration\Terms\TermLaxFriedrichs.cpp">
      <Filter>ソース ファイル</Filter>
    </ClCompile>
    <ClCompile Include="ExplicitIntegration\Dissipations\ArtificialDissipationGLF.cpp">
      <Filter>ソース ファイル</Filter>
    </ClCompile>
    <ClCompile Include="BoundaryCondition\AddGhostExtrapolate.cpp">
      <Filter>ソース ファイル</Filter>
    </ClCompile>
    <ClCompile Include="InitialConditions\BasicShapes\ShapeCylinder.cpp">
      <Filter>ソース ファイル</Filter>
    </ClCompile>
    <ClCompile Include="BoundaryCondition\AddGhostPeriodic.cpp">
      <Filter>ソース ファイル</Filter>
    </ClCompile>
    <ClCompile Include="SpatialDerivative\UpwindFirst\UpwindFirstENO3aHelper.cpp">
      <Filter>ソース ファイル</Filter>
    </ClCompile>
    <ClCompile Include="SpatialDerivative\UpwindFirst\UpwindFirstENO3b.cpp">
      <Filter>ソース ファイル</Filter>
    </ClCompile>
    <ClCompile Include="SpatialDerivative\UpwindFirst\UpwindFirstENO3bHelper.cpp">
      <Filter>ソース ファイル</Filter>
    </ClCompile>
    <ClCompile Include="SpatialDerivative\UpwindFirst\UpwindFirstFirst.cpp">
      <Filter>ソース ファイル</Filter>
    </ClCompile>
    <ClCompile Include="SpatialDerivative\UpwindFirst\UpwindFirstWENO5.cpp">
      <Filter>ソース ファイル</Filter>
    </ClCompile>
    <ClCompile Include="SpatialDerivative\UpwindFirst\UpwindFirstWENO5a.cpp">
      <Filter>ソース ファイル</Filter>
    </ClCompile>
    <ClCompile Include="SpatialDerivative\UpwindFirst\UpwindFirstWENO5b.cpp">
      <Filter>ソース ファイル</Filter>
    </ClCompile>
    <ClCompile Include="SpatialDerivative\UpwindFirst\UpwindFirstENO2.cpp">
      <Filter>ソース ファイル</Filter>
    </ClCompile>
    <ClCompile Include="SpatialDerivative\UpwindFirst\UpwindFirstENO3.cpp">
      <Filter>ソース ファイル</Filter>
    </ClCompile>
    <ClCompile Include="SpatialDerivative\UpwindFirst\UpwindFirstENO3a.cpp">
      <Filter>ソース ファイル</Filter>
    </ClCompile>
    <ClCompile Include="ExplicitIntegration\Integrators\OdeCFL3.cpp">
      <Filter>ソース ファイル</Filter>
    </ClCompile>
    <ClCompile Include="ExplicitIntegration\Integrators\OdeCFL2.cpp">
      <Filter>ソース ファイル</Filter>
    </ClCompile>
    <ClCompile Include="ExplicitIntegration\Integrators\OdeCFL1.cpp">
      <Filter>ソース ファイル</Filter>
    </ClCompile>
    <ClCompile Include="SpatialDerivative\UpwindFirst\UpwindFirst.cpp">
      <Filter>ソース ファイル</Filter>
    </ClCompile>
    <ClCompile Include="ExplicitIntegration\SchemeData.cpp">
      <Filter>ソース ファイル</Filter>
    </ClCompile>
    <ClCompile Include="InitialConditions\BasicShapes\ShapeSphere.cpp">
      <Filter>ソース ファイル</Filter>
    </ClCompile>
    <ClCompile Include="Core\UVec.cpp">
      <Filter>ソース ファイル</Filter>
    </ClCompile>
    <ClCompile Include="Core\UVec_cuda_dummy.cpp">
      <Filter>ソース ファイル</Filter>
    </ClCompile>
    <ClCompile Include="SpatialDerivative\UpwindFirst\UpwindFirstENO3aHelper_cuda_dummy.cpp">
      <Filter>ソース ファイル</Filter>
    </ClCompile>
    <ClCompile Include="SpatialDerivative\UpwindFirst\UpwindFirstWENO5a_cuda_dummy.cpp">
      <Filter>ソース ファイル</Filter>
    </ClCompile>
    <ClCompile Include="ExplicitIntegration\Dissipations\ArtificialDissipationGLF_cuda_dummy.cpp">
      <Filter>ソース ファイル</Filter>
    </ClCompile>
    <ClCompile Include="ExplicitIntegration\Terms\TermLaxFriedrichs_cuda_dummy.cpp">
      <Filter>ソース ファイル</Filter>
    </ClCompile>
    <ClCompile Include="ExplicitIntegration\Integrators\odeCFL_SubStep.cpp">
      <Filter>ソース ファイル</Filter>
    </ClCompile>
    <ClCompile Include="ExplicitIntegration\Integrators\OdeCFL_Worker.cpp">
      <Filter>ソース ファイル</Filter>
    </ClCompile>
    <ClCompile Include="ExplicitIntegration\Integrators\OdeCFL_CommandQueue.cpp">
      <Filter>ソース ファイル</Filter>
    </ClCompile>
    <ClCompile Include="ExplicitIntegration\Integrators\OdeCFL_OneSlice.cpp">
      <Filter>ソース ファイル</Filter>
    </ClCompile>
    <ClCompile Include="InitialConditions\BasicShapes\ShapeHyperplaneByPoint.cpp">
      <Filter>ソース ファイル</Filter>
    </ClCompile>
    <ClCompile Include="Core\interpn.cpp">
      <Filter>ソース ファイル</Filter>
    </ClCompile>
    <ClCompile Include="Core\CacheTag.cpp">
      <Filter>ソース ファイル</Filter>
    </ClCompile>
  </ItemGroup>
  <ItemGroup>
    <ClInclude Include="..\..\..\builds\includes\typedef.hpp">
      <Filter>ヘッダー ファイル</Filter>
    </ClInclude>
    <ClInclude Include="..\..\..\builds\includes\levelset\BoundaryCondition\BoundaryCondition.hpp">
      <Filter>ヘッダー ファイル</Filter>
    </ClInclude>
    <ClInclude Include="..\..\..\builds\includes\levelset\SpatialDerivative\SpatialDerivative.hpp">
      <Filter>ヘッダー ファイル</Filter>
    </ClInclude>
    <ClInclude Include="..\..\..\builds\includes\levelset\BoundaryCondition\AddGhostExtrapolate.hpp">
      <Filter>ヘッダー ファイル</Filter>
    </ClInclude>
    <ClInclude Include="Grids\HJI_Grid_impl.hpp">
      <Filter>ヘッダー ファイル</Filter>
    </ClInclude>
    <ClInclude Include="..\..\..\builds\includes\levelset\Grids\HJI_Grid.hpp">
      <Filter>ヘッダー ファイル</Filter>
    </ClInclude>
    <ClInclude Include="..\..\..\builds\includes\levelset\InitialConditions\BasicShapes\ShapeRectangleByCenter.hpp">
      <Filter>ヘッダー ファイル</Filter>
    </ClInclude>
    <ClInclude Include="InitialConditions\BasicShapes\ShapeRectangleByCenter_impl.hpp">
      <Filter>ヘッダー ファイル</Filter>
    </ClInclude>
    <ClInclude Include="..\..\..\builds\includes\levelset\InitialConditions\BasicShapes\ShapeRectangleByCorner.hpp">
      <Filter>ヘッダー ファイル</Filter>
    </ClInclude>
    <ClInclude Include="InitialConditions\BasicShapes\ShapeRectangleByCorner_impl.hpp">
      <Filter>ヘッダー ファイル</Filter>
    </ClInclude>
    <ClInclude Include="..\..\..\builds\includes\levelset\InitialConditions\BasicShapes\BasicShape.hpp">
      <Filter>ヘッダー ファイル</Filter>
    </ClInclude>
    <ClInclude Include="..\..\..\builds\includes\levelset\InitialConditions\InitialCondition.hpp">
      <Filter>ヘッダー ファイル</Filter>
    </ClInclude>
    <ClInclude Include="..\..\..\builds\includes\levelset\ExplicitIntegration\Integrators\Integrator.hpp">
      <Filter>ヘッダー ファイル</Filter>
    </ClInclude>
    <ClInclude Include="..\..\..\builds\includes\levelset\ExplicitIntegration\Terms\Term.hpp">
      <Filter>ヘッダー ファイル</Filter>
    </ClInclude>
    <ClInclude Include="..\..\..\builds\includes\levelset\ExplicitIntegration\Terms\TermRestrictUpdate.hpp">
      <Filter>ヘッダー ファイル</Filter>
    </ClInclude>
    <ClInclude Include="ExplicitIntegration\Terms\TermRestrictUpdate_impl.hpp">
      <Filter>ヘッダー ファイル</Filter>
    </ClInclude>
    <ClInclude Include="ExplicitIntegration\Terms\TermLaxFriedrichs_impl.hpp">
      <Filter>ヘッダー ファイル</Filter>
    </ClInclude>
    <ClInclude Include="..\..\..\builds\includes\levelset\ExplicitIntegration\Terms\TermLaxFriedrichs.hpp">
      <Filter>ヘッダー ファイル</Filter>
    </ClInclude>
    <ClInclude Include="..\..\..\builds\includes\levelset\ExplicitIntegration\Dissipations\ArtificialDissipationGLF.hpp">
      <Filter>ヘッダー ファイル</Filter>
    </ClInclude>
    <ClInclude Include="..\..\..\builds\includes\levelset\ExplicitIntegration\Dissipations\Dissipation.hpp">
      <Filter>ヘッダー ファイル</Filter>
    </ClInclude>
    <ClInclude Include="ExplicitIntegration\Dissipations\ArtificialDissipationGLF_impl.hpp">
      <Filter>ヘッダー ファイル</Filter>
    </ClInclude>
    <ClInclude Include="BoundaryCondition\AddGhostExtrapolate_impl.hpp">
      <Filter>ヘッダー ファイル</Filter>
    </ClInclude>
    <ClInclude Include="InitialConditions\BasicShapes\ShapeCylinder_impl.hpp">
      <Filter>ヘッダー ファイル</Filter>
    </ClInclude>
    <ClInclude Include="..\..\..\builds\includes\levelset\InitialConditions\BasicShapes\ShapeCylinder.hpp">
      <Filter>ヘッダー ファイル</Filter>
    </ClInclude>
    <ClInclude Include="BoundaryCondition\AddGhostPeriodic_impl.hpp">
      <Filter>ヘッダー ファイル</Filter>
    </ClInclude>
    <ClInclude Include="..\..\..\builds\includes\levelset\BoundaryCondition\AddGhostPeriodic.hpp">
      <Filter>ヘッダー ファイル</Filter>
    </ClInclude>
    <ClInclude Include="..\..\..\builds\includes\levelset\ExplicitIntegration\ExplicitIntegration.hpp">
      <Filter>ヘッダー ファイル</Filter>
    </ClInclude>
    <ClInclude Include="..\..\..\builds\includes\levelset\SpatialDerivative\UpwindFirst\UpwindFirstENO3bHelper.hpp">
      <Filter>ヘッダー ファイル</Filter>
    </ClInclude>
    <ClInclude Include="..\..\..\builds\includes\levelset\SpatialDerivative\UpwindFirst\UpwindFirstFirst.hpp">
      <Filter>ヘッダー ファイル</Filter>
    </ClInclude>
    <ClInclude Include="..\..\..\builds\includes\levelset\SpatialDerivative\UpwindFirst\UpwindFirstWENO5.hpp">
      <Filter>ヘッダー ファイル</Filter>
    </ClInclude>
    <ClInclude Include="..\..\..\builds\includes\levelset\SpatialDerivative\UpwindFirst\UpwindFirstWENO5a.hpp">
      <Filter>ヘッダー ファイル</Filter>
    </ClInclude>
    <ClInclude Include="..\..\..\builds\includes\levelset\SpatialDerivative\UpwindFirst\UpwindFirstWENO5b.hpp">
      <Filter>ヘッダー ファイル</Filter>
    </ClInclude>
    <ClInclude Include="..\..\..\builds\includes\levelset\SpatialDerivative\UpwindFirst\UpwindFirst.hpp">
      <Filter>ヘッダー ファイル</Filter>
    </ClInclude>
    <ClInclude Include="..\..\..\builds\includes\levelset\SpatialDerivative\UpwindFirst\UpwindFirstENO2.hpp">
      <Filter>ヘッダー ファイル</Filter>
    </ClInclude>
    <ClInclude Include="..\..\..\builds\includes\levelset\SpatialDerivative\UpwindFirst\UpwindFirstENO3.hpp">
      <Filter>ヘッダー ファイル</Filter>
    </ClInclude>
    <ClInclude Include="..\..\..\builds\includes\levelset\SpatialDerivative\UpwindFirst\UpwindFirstENO3a.hpp">
      <Filter>ヘッダー ファイル</Filter>
    </ClInclude>
    <ClInclude Include="..\..\..\builds\includes\levelset\SpatialDerivative\UpwindFirst\UpwindFirstENO3aHelper.hpp">
      <Filter>ヘッダー ファイル</Filter>
    </ClInclude>
    <ClInclude Include="..\..\..\builds\includes\levelset\SpatialDerivative\UpwindFirst\UpwindFirstENO3b.hpp">
      <Filter>ヘッダー ファイル</Filter>
    </ClInclude>
    <ClInclude Include="SpatialDerivative\UpwindFirst\UpwindFirstENO2_impl.hpp">
      <Filter>ヘッダー ファイル</Filter>
    </ClInclude>
    <ClInclude Include="SpatialDerivative\UpwindFirst\UpwindFirstENO3_impl.hpp">
      <Filter>ヘッダー ファイル</Filter>
    </ClInclude>
    <ClInclude Include="SpatialDerivative\UpwindFirst\UpwindFirstENO3a_impl.hpp">
      <Filter>ヘッダー ファイル</Filter>
    </ClInclude>
    <ClInclude Include="SpatialDerivative\UpwindFirst\UpwindFirstENO3aHelper_impl.hpp">
      <Filter>ヘッダー ファイル</Filter>
    </ClInclude>
    <ClInclude Include="SpatialDerivative\UpwindFirst\UpwindFirstENO3b_impl.hpp">
      <Filter>ヘッダー ファイル</Filter>
    </ClInclude>
    <ClInclude Include="SpatialDerivative\UpwindFirst\UpwindFirstENO3bHelper_impl.hpp">
      <Filter>ヘッダー ファイル</Filter>
    </ClInclude>
    <ClInclude Include="SpatialDerivative\UpwindFirst\UpwindFirstFirst_impl.hpp">
      <Filter>ヘッダー ファイル</Filter>
    </ClInclude>
    <ClInclude Include="SpatialDerivative\UpwindFirst\UpwindFirstWENO5_impl.hpp">
      <Filter>ヘッダー ファイル</Filter>
    </ClInclude>
    <ClInclude Include="SpatialDerivative\UpwindFirst\UpwindFirstWENO5a_impl.hpp">
      <Filter>ヘッダー ファイル</Filter>
    </ClInclude>
    <ClInclude Include="SpatialDerivative\UpwindFirst\UpwindFirstWENO5b_impl.hpp">
      <Filter>ヘッダー ファイル</Filter>
    </ClInclude>
    <ClInclude Include="..\..\..\builds\includes\levelset\ExplicitIntegration\Integrators\OdeCFL2.hpp">
      <Filter>ヘッダー ファイル</Filter>
    </ClInclude>
    <ClInclude Include="..\..\..\builds\includes\levelset\ExplicitIntegration\Integrators\OdeCFL3.hpp">
      <Filter>ヘッダー ファイル</Filter>
    </ClInclude>
    <ClInclude Include="ExplicitIntegration\Integrators\OdeCFL2_impl.hpp">
      <Filter>ヘッダー ファイル</Filter>
    </ClInclude>
    <ClInclude Include="ExplicitIntegration\Integrators\OdeCFL3_impl.hpp">
      <Filter>ヘッダー ファイル</Filter>
    </ClInclude>
    <ClInclude Include="ExplicitIntegration\Integrators\OdeCFL1_impl.hpp">
      <Filter>ヘッダー ファイル</Filter>
    </ClInclude>
    <ClInclude Include="..\..\..\builds\includes\levelset\ExplicitIntegration\Integrators\OdeCFL1.hpp">
      <Filter>ヘッダー ファイル</Filter>
    </ClInclude>
    <ClInclude Include="..\..\..\builds\includes\levelset\levelset.hpp">
      <Filter>ヘッダー ファイル</Filter>
    </ClInclude>
    <ClInclude Include="..\..\..\builds\includes\levelset\ExplicitIntegration\SchemeData.hpp">
      <Filter>ヘッダー ファイル</Filter>
    </ClInclude>
    <ClInclude Include="ExplicitIntegration\SchemeData_impl.hpp">
      <Filter>ヘッダー ファイル</Filter>
    </ClInclude>
    <ClInclude Include="..\..\..\builds\includes\levelset\InitialConditions\BasicShapes\ShapeSphere.hpp">
      <Filter>ヘッダー ファイル</Filter>
    </ClInclude>
    <ClInclude Include="..\..\..\builds\includes\macro.hpp">
      <Filter>ヘッダー ファイル</Filter>
    </ClInclude>
    <ClInclude Include="Core\UVec_impl.hpp">
      <Filter>ヘッダー ファイル</Filter>
    </ClInclude>
    <ClInclude Include="..\..\..\builds\includes\Core\UVec.hpp">
      <Filter>ヘッダー ファイル</Filter>
    </ClInclude>
    <ClInclude Include="Core\UVec_impl_cuda.hpp">
      <Filter>ヘッダー ファイル</Filter>
    </ClInclude>
    <ClInclude Include="SpatialDerivative\UpwindFirst\UpwindFirstENO3aHelper_cuda.hpp">
      <Filter>ヘッダー ファイル</Filter>
    </ClInclude>
    <ClInclude Include="SpatialDerivative\UpwindFirst\UpwindFirstWENO5a_cuda.hpp">
      <Filter>ヘッダー ファイル</Filter>
    </ClInclude>
    <ClInclude Include="ExplicitIntegration\Terms\TermLaxFriedrichs_cuda.hpp">
      <Filter>ヘッダー ファイル</Filter>
    </ClInclude>
    <ClInclude Include="ExplicitIntegration\Dissipations\ArtificialDissipationGLF_cuda.hpp">
      <Filter>ヘッダー ファイル</Filter>
    </ClInclude>
    <ClInclude Include="..\..\..\builds\includes\cuda_macro.hpp">
      <Filter>ヘッダー ファイル</Filter>
    </ClInclude>
    <ClInclude Include="ExplicitIntegration\Integrators\odeCFL_SubStep.hpp">
      <Filter>ヘッダー ファイル</Filter>
    </ClInclude>
    <ClInclude Include="ExplicitIntegration\Integrators\OdeCFL_Worker.hpp">
      <Filter>ヘッダー ファイル</Filter>
    </ClInclude>
    <ClInclude Include="ExplicitIntegration\Integrators\OdeCFL_Worker_impl.hpp">
      <Filter>ヘッダー ファイル</Filter>
    </ClInclude>
    <ClInclude Include="ExplicitIntegration\Integrators\OdeCFL_CommandQueue.hpp">
      <Filter>ヘッダー ファイル</Filter>
    </ClInclude>
    <ClInclude Include="ExplicitIntegration\Integrators\OdeCFL_CommandQueue_impl.hpp">
      <Filter>ヘッダー ファイル</Filter>
    </ClInclude>
    <ClInclude Include="ExplicitIntegration\Integrators\OdeCFL_OneSlice.hpp">
      <Filter>ヘッダー ファイル</Filter>
    </ClInclude>
    <ClInclude Include="ExplicitIntegration\Integrators\OdeCFL_OneSlice_impl.hpp">
      <Filter>ヘッダー ファイル</Filter>
    </ClInclude>
    <ClInclude Include="..\..\..\builds\includes\levelset\InitialConditions\BasicShapes\ShapeHyperplaneByPoint.hpp">
      <Filter>ヘッダー ファイル</Filter>
    </ClInclude>
    <ClInclude Include="InitialConditions\BasicShapes\ShapeHyperplaneByPoint_impl.hpp">
      <Filter>ヘッダー ファイル</Filter>
    </ClInclude>
    <ClInclude Include="..\..\..\builds\includes\Core\interpn.hpp">
      <Filter>ヘッダー ファイル</Filter>
    </ClInclude>
    <ClInclude Include="..\..\..\builds\includes\Core\CacheTag.hpp">
      <Filter>ヘッダー ファイル</Filter>
    </ClInclude>
    <ClInclude Include="Core\CacheTag_impl.hpp">
      <Filter>ヘッダー ファイル</Filter>
    </ClInclude>
    <ClInclude Include="..\..\..\builds\includes\Core\CudaStream.hpp">
      <Filter>ヘッダー ファイル</Filter>
    </ClInclude>
    <ClInclude Include="..\..\..\builds\includes\levelset\ExplicitIntegration\PartialFunction.hpp">
      <Filter>ヘッダー ファイル</Filter>
    </ClInclude>
  </ItemGroup>
  <ItemGroup>
    <None Include="ClassDiagram.cd" />
  </ItemGroup>
  <ItemGroup>
    <CudaCompile Include="ExplicitIntegration\Dissipations\ArtificialDissipationGLF_cuda.cu">
      <Filter>ソース ファイル</Filter>
    </CudaCompile>
    <CudaCompile Include="ExplicitIntegration\Terms\TermLaxFriedrichs_cuda.cu">
      <Filter>ソース ファイル</Filter>
    </CudaCompile>
    <CudaCompile Include="SpatialDerivative\UpwindFirst\UpwindFirstENO3aHelper_cuda.cu">
      <Filter>ソース ファイル</Filter>
    </CudaCompile>
    <CudaCompile Include="SpatialDerivative\UpwindFirst\UpwindFirstWENO5a_cuda.cu">
      <Filter>ソース ファイル</Filter>
    </CudaCompile>
    <CudaCompile Include="Core\UVec_cuda.cu">
      <Filter>ソース ファイル</Filter>
    </CudaCompile>
  </ItemGroup>
</Project>