
Microsoft Visual Studio Solution File, Format Version 12.00
# Visual Studio 14
VisualStudioVersion = 14.0.25420.1
MinimumVisualStudioVersion = 10.0.40219.1
Project("{8BC9CEB8-8B4A-11D0-8D11-00A0C91BC942}") = "air3D", "samples\air3D\air3D.vcxproj", "{A32EECDF-7499-425D-95F8-C1A518F3A68E}"
	ProjectSection(ProjectDependencies) = postProject
		{5822BB32-8BBA-4BC6-8DC5-4A3D06552CD5} = {5822BB32-8BBA-4BC6-8DC5-4A3D06552CD5}
		{7C9F9249-AA19-412E-974B-40CCD2C6AB3F} = {7C9F9249-AA19-412E-974B-40CCD2C6AB3F}
	EndProjectSection
EndProject
Project("{8BC9CEB8-8B4A-11D0-8D11-00A0C91BC942}") = "levelset", "modules\levelset\levelset.vcxproj", "{5822BB32-8BBA-4BC6-8DC5-4A3D06552CD5}"
EndProject
Project("{8BC9CEB8-8B4A-11D0-8D11-00A0C91BC942}") = "test_reachiability", "samples\test_reachiability\test_reachiability.vcxproj", "{7D92AAA1-3414-4356-BB21-8DCAC13998C3}"
	ProjectSection(ProjectDependencies) = postProject
		{A32EECDF-7499-425D-95F8-C1A518F3A68E} = {A32EECDF-7499-425D-95F8-C1A518F3A68E}
	EndProjectSection
EndProject
Project("{8BC9CEB8-8B4A-11D0-8D11-00A0C91BC942}") = "plane4D", "samples\plane4D\plane4D.vcxproj", "{F03B6FEE-7B90-45D5-A5E7-A916139BBEC0}"
	ProjectSection(ProjectDependencies) = postProject
		{5822BB32-8BBA-4BC6-8DC5-4A3D06552CD5} = {5822BB32-8BBA-4BC6-8DC5-4A3D06552CD5}
		{7C9F9249-AA19-412E-974B-40CCD2C6AB3F} = {7C9F9249-AA19-412E-974B-40CCD2C6AB3F}
	EndProjectSection
EndProject
Project("{8BC9CEB8-8B4A-11D0-8D11-00A0C91BC942}") = "UTest_SpatialDerivative", "unittests\SpatialDerivative\UTest_SpatialDerivative.vcxproj", "{6B63603E-0901-4778-B10A-854CAFC2880C}"
	ProjectSection(ProjectDependencies) = postProject
		{5822BB32-8BBA-4BC6-8DC5-4A3D06552CD5} = {5822BB32-8BBA-4BC6-8DC5-4A3D06552CD5}
		{7C9F9249-AA19-412E-974B-40CCD2C6AB3F} = {7C9F9249-AA19-412E-974B-40CCD2C6AB3F}
	EndProjectSection
EndProject
Project("{8BC9CEB8-8B4A-11D0-8D11-00A0C91BC942}") = "helperOC", "modules\helperOC\helperOC.vcxproj", "{7C9F9249-AA19-412E-974B-40CCD2C6AB3F}"
	ProjectSection(ProjectDependencies) = postProject
		{5822BB32-8BBA-4BC6-8DC5-4A3D06552CD5} = {5822BB32-8BBA-4BC6-8DC5-4A3D06552CD5}
	EndProjectSection
EndProject
Project("{8BC9CEB8-8B4A-11D0-8D11-00A0C91BC942}") = "DubinsCar_RS", "samples\DubinsCar_RS\DubinsCar_RS.vcxproj", "{7AD3FACE-DFF2-4541-8751-4D18EEB980C8}"
	ProjectSection(ProjectDependencies) = postProject
		{5822BB32-8BBA-4BC6-8DC5-4A3D06552CD5} = {5822BB32-8BBA-4BC6-8DC5-4A3D06552CD5}
		{7C9F9249-AA19-412E-974B-40CCD2C6AB3F} = {7C9F9249-AA19-412E-974B-40CCD2C6AB3F}
	EndProjectSection
EndProject
Project("{8BC9CEB8-8B4A-11D0-8D11-00A0C91BC942}") = "UTest_HJIPDE_solve", "unittests\HJIPDE_solve\UTest_HJIPDE_solve.vcxproj", "{523A358F-052C-4161-85E4-3EAC78419E6C}"
	ProjectSection(ProjectDependencies) = postProject
		{5822BB32-8BBA-4BC6-8DC5-4A3D06552CD5} = {5822BB32-8BBA-4BC6-8DC5-4A3D06552CD5}
		{7C9F9249-AA19-412E-974B-40CCD2C6AB3F} = {7C9F9249-AA19-412E-974B-40CCD2C6AB3F}
	EndProjectSection
EndProject
Project("{8BC9CEB8-8B4A-11D0-8D11-00A0C91BC942}") = "UTest_Dissipation", "unittests\Dissipation\UTest_Dissipation.vcxproj", "{43E53358-EDB7-4DD6-8588-86FF4CC7A9E0}"
	ProjectSection(ProjectDependencies) = postProject
		{5822BB32-8BBA-4BC6-8DC5-4A3D06552CD5} = {5822BB32-8BBA-4BC6-8DC5-4A3D06552CD5}
		{7C9F9249-AA19-412E-974B-40CCD2C6AB3F} = {7C9F9249-AA19-412E-974B-40CCD2C6AB3F}
	EndProjectSection
EndProject
Project("{8BC9CEB8-8B4A-11D0-8D11-00A0C91BC942}") = "UTest_Term", "unittests\Term\UTest_Term.vcxproj", "{E587BF9A-DFC3-48E8-9A12-A17B832D290D}"
	ProjectSection(ProjectDependencies) = postProject
		{5822BB32-8BBA-4BC6-8DC5-4A3D06552CD5} = {5822BB32-8BBA-4BC6-8DC5-4A3D06552CD5}
		{7C9F9249-AA19-412E-974B-40CCD2C6AB3F} = {7C9F9249-AA19-412E-974B-40CCD2C6AB3F}
	EndProjectSection
EndProject
Project("{8BC9CEB8-8B4A-11D0-8D11-00A0C91BC942}") = "UTest_HamFunc", "unittests\HamFunc\UTest_HamFunc.vcxproj", "{6AC3115D-86E7-44EF-B589-C84F54FB920A}"
	ProjectSection(ProjectDependencies) = postProject
		{5822BB32-8BBA-4BC6-8DC5-4A3D06552CD5} = {5822BB32-8BBA-4BC6-8DC5-4A3D06552CD5}
		{7C9F9249-AA19-412E-974B-40CCD2C6AB3F} = {7C9F9249-AA19-412E-974B-40CCD2C6AB3F}
	EndProjectSection
EndProject
Project("{8BC9CEB8-8B4A-11D0-8D11-00A0C91BC942}") = "Plane_test", "samples\Plane_test\Plane_test.vcxproj", "{1AB4B7D9-7A94-47E3-BD91-D36980799B65}"
	ProjectSection(ProjectDependencies) = postProject
		{5822BB32-8BBA-4BC6-8DC5-4A3D06552CD5} = {5822BB32-8BBA-4BC6-8DC5-4A3D06552CD5}
		{7C9F9249-AA19-412E-974B-40CCD2C6AB3F} = {7C9F9249-AA19-412E-974B-40CCD2C6AB3F}
	EndProjectSection
EndProject
Project("{8BC9CEB8-8B4A-11D0-8D11-00A0C91BC942}") = "PlaneCAvoid_test", "samples\PlaneCAvoid_test\PlaneCAvoid_test.vcxproj", "{682060ED-BA51-438B-8112-B5722DC15F30}"
	ProjectSection(ProjectDependencies) = postProject
		{5822BB32-8BBA-4BC6-8DC5-4A3D06552CD5} = {5822BB32-8BBA-4BC6-8DC5-4A3D06552CD5}
		{7C9F9249-AA19-412E-974B-40CCD2C6AB3F} = {7C9F9249-AA19-412E-974B-40CCD2C6AB3F}
	EndProjectSection
EndProject
Project("{8BC9CEB8-8B4A-11D0-8D11-00A0C91BC942}") = "Quad4D_test", "samples\Quad4D_test\Quad4D_test.vcxproj", "{06A39CDC-1983-4948-AE9B-B4350B72E5D5}"
	ProjectSection(ProjectDependencies) = postProject
		{5822BB32-8BBA-4BC6-8DC5-4A3D06552CD5} = {5822BB32-8BBA-4BC6-8DC5-4A3D06552CD5}
		{7C9F9249-AA19-412E-974B-40CCD2C6AB3F} = {7C9F9249-AA19-412E-974B-40CCD2C6AB3F}
	EndProjectSection
EndProject
Project("{8BC9CEB8-8B4A-11D0-8D11-00A0C91BC942}") = "Plane4D_test", "samples\Plane4D_test\Plane4D_test.vcxproj", "{5398693B-A6D1-4495-8475-A314E86EFC0D}"
	ProjectSection(ProjectDependencies) = postProject
		{5822BB32-8BBA-4BC6-8DC5-4A3D06552CD5} = {5822BB32-8BBA-4BC6-8DC5-4A3D06552CD5}
		{7C9F9249-AA19-412E-974B-40CCD2C6AB3F} = {7C9F9249-AA19-412E-974B-40CCD2C6AB3F}
	EndProjectSection
EndProject
Global
	GlobalSection(SolutionConfigurationPlatforms) = preSolution
		Debug|Win32 = Debug|Win32
		Debug|x64 = Debug|x64
		Release|Win32 = Release|Win32
		Release|x64 = Release|x64
	EndGlobalSection
	GlobalSection(ProjectConfigurationPlatforms) = postSolution
		{A32EECDF-7499-425D-95F8-C1A518F3A68E}.Debug|Win32.ActiveCfg = Debug|Win32
		{A32EECDF-7499-425D-95F8-C1A518F3A68E}.Debug|Win32.Build.0 = Debug|Win32
		{A32EECDF-7499-425D-95F8-C1A518F3A68E}.Debug|x64.ActiveCfg = Debug|x64
		{A32EECDF-7499-425D-95F8-C1A518F3A68E}.Debug|x64.Build.0 = Debug|x64
		{A32EECDF-7499-425D-95F8-C1A518F3A68E}.Release|Win32.ActiveCfg = Release|Win32
		{A32EECDF-7499-425D-95F8-C1A518F3A68E}.Release|Win32.Build.0 = Release|Win32
		{A32EECDF-7499-425D-95F8-C1A518F3A68E}.Release|x64.ActiveCfg = Release|x64
		{A32EECDF-7499-425D-95F8-C1A518F3A68E}.Release|x64.Build.0 = Release|x64
		{5822BB32-8BBA-4BC6-8DC5-4A3D06552CD5}.Debug|Win32.ActiveCfg = Debug|Win32
		{5822BB32-8BBA-4BC6-8DC5-4A3D06552CD5}.Debug|Win32.Build.0 = Debug|Win32
		{5822BB32-8BBA-4BC6-8DC5-4A3D06552CD5}.Debug|x64.ActiveCfg = Debug|x64
		{5822BB32-8BBA-4BC6-8DC5-4A3D06552CD5}.Debug|x64.Build.0 = Debug|x64
		{5822BB32-8BBA-4BC6-8DC5-4A3D06552CD5}.Release|Win32.ActiveCfg = Release|Win32
		{5822BB32-8BBA-4BC6-8DC5-4A3D06552CD5}.Release|Win32.Build.0 = Release|Win32
		{5822BB32-8BBA-4BC6-8DC5-4A3D06552CD5}.Release|x64.ActiveCfg = Release|x64
		{5822BB32-8BBA-4BC6-8DC5-4A3D06552CD5}.Release|x64.Build.0 = Release|x64
		{7D92AAA1-3414-4356-BB21-8DCAC13998C3}.Debug|Win32.ActiveCfg = Debug|Win32
		{7D92AAA1-3414-4356-BB21-8DCAC13998C3}.Debug|Win32.Build.0 = Debug|Win32
		{7D92AAA1-3414-4356-BB21-8DCAC13998C3}.Debug|x64.ActiveCfg = Debug|x64
		{7D92AAA1-3414-4356-BB21-8DCAC13998C3}.Debug|x64.Build.0 = Debug|x64
		{7D92AAA1-3414-4356-BB21-8DCAC13998C3}.Release|Win32.ActiveCfg = Release|Win32
		{7D92AAA1-3414-4356-BB21-8DCAC13998C3}.Release|Win32.Build.0 = Release|Win32
		{7D92AAA1-3414-4356-BB21-8DCAC13998C3}.Release|x64.ActiveCfg = Release|x64
		{7D92AAA1-3414-4356-BB21-8DCAC13998C3}.Release|x64.Build.0 = Release|x64
		{F03B6FEE-7B90-45D5-A5E7-A916139BBEC0}.Debug|Win32.ActiveCfg = Debug|Win32
		{F03B6FEE-7B90-45D5-A5E7-A916139BBEC0}.Debug|Win32.Build.0 = Debug|Win32
		{F03B6FEE-7B90-45D5-A5E7-A916139BBEC0}.Debug|x64.ActiveCfg = Debug|x64
		{F03B6FEE-7B90-45D5-A5E7-A916139BBEC0}.Debug|x64.Build.0 = Debug|x64
		{F03B6FEE-7B90-45D5-A5E7-A916139BBEC0}.Release|Win32.ActiveCfg = Release|Win32
		{F03B6FEE-7B90-45D5-A5E7-A916139BBEC0}.Release|Win32.Build.0 = Release|Win32
		{F03B6FEE-7B90-45D5-A5E7-A916139BBEC0}.Release|x64.ActiveCfg = Release|x64
		{F03B6FEE-7B90-45D5-A5E7-A916139BBEC0}.Release|x64.Build.0 = Release|x64
		{6B63603E-0901-4778-B10A-854CAFC2880C}.Debug|Win32.ActiveCfg = Debug|Win32
		{6B63603E-0901-4778-B10A-854CAFC2880C}.Debug|Win32.Build.0 = Debug|Win32
		{6B63603E-0901-4778-B10A-854CAFC2880C}.Debug|x64.ActiveCfg = Debug|x64
		{6B63603E-0901-4778-B10A-854CAFC2880C}.Debug|x64.Build.0 = Debug|x64
		{6B63603E-0901-4778-B10A-854CAFC2880C}.Release|Win32.ActiveCfg = Release|Win32
		{6B63603E-0901-4778-B10A-854CAFC2880C}.Release|Win32.Build.0 = Release|Win32
		{6B63603E-0901-4778-B10A-854CAFC2880C}.Release|x64.ActiveCfg = Release|x64
		{6B63603E-0901-4778-B10A-854CAFC2880C}.Release|x64.Build.0 = Release|x64
		{7C9F9249-AA19-412E-974B-40CCD2C6AB3F}.Debug|Win32.ActiveCfg = Debug|Win32
		{7C9F9249-AA19-412E-974B-40CCD2C6AB3F}.Debug|Win32.Build.0 = Debug|Win32
		{7C9F9249-AA19-412E-974B-40CCD2C6AB3F}.Debug|x64.ActiveCfg = Debug|x64
		{7C9F9249-AA19-412E-974B-40CCD2C6AB3F}.Debug|x64.Build.0 = Debug|x64
		{7C9F9249-AA19-412E-974B-40CCD2C6AB3F}.Release|Win32.ActiveCfg = Release|Win32
		{7C9F9249-AA19-412E-974B-40CCD2C6AB3F}.Release|Win32.Build.0 = Release|Win32
		{7C9F9249-AA19-412E-974B-40CCD2C6AB3F}.Release|x64.ActiveCfg = Release|x64
		{7C9F9249-AA19-412E-974B-40CCD2C6AB3F}.Release|x64.Build.0 = Release|x64
		{7AD3FACE-DFF2-4541-8751-4D18EEB980C8}.Debug|Win32.ActiveCfg = Debug|Win32
		{7AD3FACE-DFF2-4541-8751-4D18EEB980C8}.Debug|Win32.Build.0 = Debug|Win32
		{7AD3FACE-DFF2-4541-8751-4D18EEB980C8}.Debug|x64.ActiveCfg = Debug|x64
		{7AD3FACE-DFF2-4541-8751-4D18EEB980C8}.Debug|x64.Build.0 = Debug|x64
		{7AD3FACE-DFF2-4541-8751-4D18EEB980C8}.Release|Win32.ActiveCfg = Release|Win32
		{7AD3FACE-DFF2-4541-8751-4D18EEB980C8}.Release|Win32.Build.0 = Release|Win32
		{7AD3FACE-DFF2-4541-8751-4D18EEB980C8}.Release|x64.ActiveCfg = Release|x64
		{7AD3FACE-DFF2-4541-8751-4D18EEB980C8}.Release|x64.Build.0 = Release|x64
		{523A358F-052C-4161-85E4-3EAC78419E6C}.Debug|Win32.ActiveCfg = Debug|Win32
		{523A358F-052C-4161-85E4-3EAC78419E6C}.Debug|Win32.Build.0 = Debug|Win32
		{523A358F-052C-4161-85E4-3EAC78419E6C}.Debug|x64.ActiveCfg = Debug|x64
		{523A358F-052C-4161-85E4-3EAC78419E6C}.Debug|x64.Build.0 = Debug|x64
		{523A358F-052C-4161-85E4-3EAC78419E6C}.Release|Win32.ActiveCfg = Release|Win32
		{523A358F-052C-4161-85E4-3EAC78419E6C}.Release|Win32.Build.0 = Release|Win32
		{523A358F-052C-4161-85E4-3EAC78419E6C}.Release|x64.ActiveCfg = Release|x64
		{523A358F-052C-4161-85E4-3EAC78419E6C}.Release|x64.Build.0 = Release|x64
		{43E53358-EDB7-4DD6-8588-86FF4CC7A9E0}.Debug|Win32.ActiveCfg = Debug|Win32
		{43E53358-EDB7-4DD6-8588-86FF4CC7A9E0}.Debug|Win32.Build.0 = Debug|Win32
		{43E53358-EDB7-4DD6-8588-86FF4CC7A9E0}.Debug|x64.ActiveCfg = Debug|x64
		{43E53358-EDB7-4DD6-8588-86FF4CC7A9E0}.Debug|x64.Build.0 = Debug|x64
		{43E53358-EDB7-4DD6-8588-86FF4CC7A9E0}.Release|Win32.ActiveCfg = Release|Win32
		{43E53358-EDB7-4DD6-8588-86FF4CC7A9E0}.Release|Win32.Build.0 = Release|Win32
		{43E53358-EDB7-4DD6-8588-86FF4CC7A9E0}.Release|x64.ActiveCfg = Release|x64
		{43E53358-EDB7-4DD6-8588-86FF4CC7A9E0}.Release|x64.Build.0 = Release|x64
		{E587BF9A-DFC3-48E8-9A12-A17B832D290D}.Debug|Win32.ActiveCfg = Debug|Win32
		{E587BF9A-DFC3-48E8-9A12-A17B832D290D}.Debug|Win32.Build.0 = Debug|Win32
		{E587BF9A-DFC3-48E8-9A12-A17B832D290D}.Debug|x64.ActiveCfg = Debug|x64
		{E587BF9A-DFC3-48E8-9A12-A17B832D290D}.Debug|x64.Build.0 = Debug|x64
		{E587BF9A-DFC3-48E8-9A12-A17B832D290D}.Release|Win32.ActiveCfg = Release|Win32
		{E587BF9A-DFC3-48E8-9A12-A17B832D290D}.Release|Win32.Build.0 = Release|Win32
		{E587BF9A-DFC3-48E8-9A12-A17B832D290D}.Release|x64.ActiveCfg = Release|x64
		{E587BF9A-DFC3-48E8-9A12-A17B832D290D}.Release|x64.Build.0 = Release|x64
		{6AC3115D-86E7-44EF-B589-C84F54FB920A}.Debug|Win32.ActiveCfg = Debug|Win32
		{6AC3115D-86E7-44EF-B589-C84F54FB920A}.Debug|Win32.Build.0 = Debug|Win32
		{6AC3115D-86E7-44EF-B589-C84F54FB920A}.Debug|x64.ActiveCfg = Debug|x64
		{6AC3115D-86E7-44EF-B589-C84F54FB920A}.Debug|x64.Build.0 = Debug|x64
		{6AC3115D-86E7-44EF-B589-C84F54FB920A}.Release|Win32.ActiveCfg = Release|Win32
		{6AC3115D-86E7-44EF-B589-C84F54FB920A}.Release|Win32.Build.0 = Release|Win32
		{6AC3115D-86E7-44EF-B589-C84F54FB920A}.Release|x64.ActiveCfg = Release|x64
		{6AC3115D-86E7-44EF-B589-C84F54FB920A}.Release|x64.Build.0 = Release|x64
		{1AB4B7D9-7A94-47E3-BD91-D36980799B65}.Debug|Win32.ActiveCfg = Debug|Win32
		{1AB4B7D9-7A94-47E3-BD91-D36980799B65}.Debug|Win32.Build.0 = Debug|Win32
		{1AB4B7D9-7A94-47E3-BD91-D36980799B65}.Debug|x64.ActiveCfg = Debug|x64
		{1AB4B7D9-7A94-47E3-BD91-D36980799B65}.Debug|x64.Build.0 = Debug|x64
		{1AB4B7D9-7A94-47E3-BD91-D36980799B65}.Release|Win32.ActiveCfg = Release|Win32
		{1AB4B7D9-7A94-47E3-BD91-D36980799B65}.Release|Win32.Build.0 = Release|Win32
		{1AB4B7D9-7A94-47E3-BD91-D36980799B65}.Release|x64.ActiveCfg = Release|x64
		{1AB4B7D9-7A94-47E3-BD91-D36980799B65}.Release|x64.Build.0 = Release|x64
		{682060ED-BA51-438B-8112-B5722DC15F30}.Debug|Win32.ActiveCfg = Debug|Win32
		{682060ED-BA51-438B-8112-B5722DC15F30}.Debug|Win32.Build.0 = Debug|Win32
		{682060ED-BA51-438B-8112-B5722DC15F30}.Debug|x64.ActiveCfg = Debug|x64
		{682060ED-BA51-438B-8112-B5722DC15F30}.Debug|x64.Build.0 = Debug|x64
		{682060ED-BA51-438B-8112-B5722DC15F30}.Release|Win32.ActiveCfg = Release|Win32
		{682060ED-BA51-438B-8112-B5722DC15F30}.Release|Win32.Build.0 = Release|Win32
		{682060ED-BA51-438B-8112-B5722DC15F30}.Release|x64.ActiveCfg = Release|x64
		{682060ED-BA51-438B-8112-B5722DC15F30}.Release|x64.Build.0 = Release|x64
		{06A39CDC-1983-4948-AE9B-B4350B72E5D5}.Debug|Win32.ActiveCfg = Debug|Win32
		{06A39CDC-1983-4948-AE9B-B4350B72E5D5}.Debug|Win32.Build.0 = Debug|Win32
		{06A39CDC-1983-4948-AE9B-B4350B72E5D5}.Debug|x64.ActiveCfg = Debug|x64
		{06A39CDC-1983-4948-AE9B-B4350B72E5D5}.Debug|x64.Build.0 = Debug|x64
		{06A39CDC-1983-4948-AE9B-B4350B72E5D5}.Release|Win32.ActiveCfg = Release|Win32
		{06A39CDC-1983-4948-AE9B-B4350B72E5D5}.Release|Win32.Build.0 = Release|Win32
		{06A39CDC-1983-4948-AE9B-B4350B72E5D5}.Release|x64.ActiveCfg = Release|x64
		{06A39CDC-1983-4948-AE9B-B4350B72E5D5}.Release|x64.Build.0 = Release|x64
		{5398693B-A6D1-4495-8475-A314E86EFC0D}.Debug|Win32.ActiveCfg = Debug|Win32
		{5398693B-A6D1-4495-8475-A314E86EFC0D}.Debug|Win32.Build.0 = Debug|Win32
		{5398693B-A6D1-4495-8475-A314E86EFC0D}.Debug|x64.ActiveCfg = Debug|x64
		{5398693B-A6D1-4495-8475-A314E86EFC0D}.Debug|x64.Build.0 = Debug|x64
		{5398693B-A6D1-4495-8475-A314E86EFC0D}.Release|Win32.ActiveCfg = Release|Win32
		{5398693B-A6D1-4495-8475-A314E86EFC0D}.Release|Win32.Build.0 = Release|Win32
		{5398693B-A6D1-4495-8475-A314E86EFC0D}.Release|x64.ActiveCfg = Release|x64
		{5398693B-A6D1-4495-8475-A314E86EFC0D}.Release|x64.Build.0 = Release|x64
	EndGlobalSection
	GlobalSection(SolutionProperties) = preSolution
		HideSolutionNode = FALSE
	EndGlobalSection
EndGlobal
